// !$*UTF8*$!
{
	archiveVersion = 1;
	classes = {
	};
	objectVersion = 46;
	objects = {

/* Begin PBXBuildFile section */
		AFF348951C592E9300044777 /* AppDelegate.swift in Sources */ = {isa = PBXBuildFile; fileRef = AFF348941C592E9300044777 /* AppDelegate.swift */; };
		AFF348971C592E9300044777 /* FirstViewController.swift in Sources */ = {isa = PBXBuildFile; fileRef = AFF348961C592E9300044777 /* FirstViewController.swift */; };
		AFF348991C592E9300044777 /* LocationVC.swift in Sources */ = {isa = PBXBuildFile; fileRef = AFF348981C592E9300044777 /* LocationVC.swift */; };
		AFF3489C1C592E9300044777 /* Main.storyboard in Resources */ = {isa = PBXBuildFile; fileRef = AFF3489A1C592E9300044777 /* Main.storyboard */; };
		AFF3489E1C592E9300044777 /* Assets.xcassets in Resources */ = {isa = PBXBuildFile; fileRef = AFF3489D1C592E9300044777 /* Assets.xcassets */; };
		AFF348A11C592E9300044777 /* LaunchScreen.storyboard in Resources */ = {isa = PBXBuildFile; fileRef = AFF3489F1C592E9300044777 /* LaunchScreen.storyboard */; };
		AFF348AC1C592E9300044777 /* lecture87_location_servicesTests.swift in Sources */ = {isa = PBXBuildFile; fileRef = AFF348AB1C592E9300044777 /* lecture87_location_servicesTests.swift */; };
		AFF348B71C592E9300044777 /* lecture87_location_servicesUITests.swift in Sources */ = {isa = PBXBuildFile; fileRef = AFF348B61C592E9300044777 /* lecture87_location_servicesUITests.swift */; };
/* End PBXBuildFile section */

/* Begin PBXContainerItemProxy section */
		AFF348A81C592E9300044777 /* PBXContainerItemProxy */ = {
			isa = PBXContainerItemProxy;
			containerPortal = AFF348891C592E9300044777 /* Project object */;
			proxyType = 1;
			remoteGlobalIDString = AFF348901C592E9300044777;
			remoteInfo = "lecture87-location-services";
		};
		AFF348B31C592E9300044777 /* PBXContainerItemProxy */ = {
			isa = PBXContainerItemProxy;
			containerPortal = AFF348891C592E9300044777 /* Project object */;
			proxyType = 1;
			remoteGlobalIDString = AFF348901C592E9300044777;
			remoteInfo = "lecture87-location-services";
		};
/* End PBXContainerItemProxy section */

/* Begin PBXFileReference section */
		AFF348911C592E9300044777 /* lecture87-location-services.app */ = {isa = PBXFileReference; explicitFileType = wrapper.application; includeInIndex = 0; path = "lecture87-location-services.app"; sourceTree = BUILT_PRODUCTS_DIR; };
		AFF348941C592E9300044777 /* AppDelegate.swift */ = {isa = PBXFileReference; lastKnownFileType = sourcecode.swift; path = AppDelegate.swift; sourceTree = "<group>"; };
		AFF348961C592E9300044777 /* FirstViewController.swift */ = {isa = PBXFileReference; lastKnownFileType = sourcecode.swift; path = FirstViewController.swift; sourceTree = "<group>"; };
		AFF348981C592E9300044777 /* LocationVC.swift */ = {isa = PBXFileReference; lastKnownFileType = sourcecode.swift; path = LocationVC.swift; sourceTree = "<group>"; };
		AFF3489B1C592E9300044777 /* Base */ = {isa = PBXFileReference; lastKnownFileType = file.storyboard; name = Base; path = Base.lproj/Main.storyboard; sourceTree = "<group>"; };
		AFF3489D1C592E9300044777 /* Assets.xcassets */ = {isa = PBXFileReference; lastKnownFileType = folder.assetcatalog; path = Assets.xcassets; sourceTree = "<group>"; };
		AFF348A01C592E9300044777 /* Base */ = {isa = PBXFileReference; lastKnownFileType = file.storyboard; name = Base; path = Base.lproj/LaunchScreen.storyboard; sourceTree = "<group>"; };
		AFF348A21C592E9300044777 /* Info.plist */ = {isa = PBXFileReference; lastKnownFileType = text.plist.xml; path = Info.plist; sourceTree = "<group>"; };
		AFF348A71C592E9300044777 /* lecture87-location-servicesTests.xctest */ = {isa = PBXFileReference; explicitFileType = wrapper.cfbundle; includeInIndex = 0; path = "lecture87-location-servicesTests.xctest"; sourceTree = BUILT_PRODUCTS_DIR; };
		AFF348AB1C592E9300044777 /* lecture87_location_servicesTests.swift */ = {isa = PBXFileReference; lastKnownFileType = sourcecode.swift; path = lecture87_location_servicesTests.swift; sourceTree = "<group>"; };
		AFF348AD1C592E9300044777 /* Info.plist */ = {isa = PBXFileReference; lastKnownFileType = text.plist.xml; path = Info.plist; sourceTree = "<group>"; };
		AFF348B21C592E9300044777 /* lecture87-location-servicesUITests.xctest */ = {isa = PBXFileReference; explicitFileType = wrapper.cfbundle; includeInIndex = 0; path = "lecture87-location-servicesUITests.xctest"; sourceTree = BUILT_PRODUCTS_DIR; };
		AFF348B61C592E9300044777 /* lecture87_location_servicesUITests.swift */ = {isa = PBXFileReference; lastKnownFileType = sourcecode.swift; path = lecture87_location_servicesUITests.swift; sourceTree = "<group>"; };
		AFF348B81C592E9300044777 /* Info.plist */ = {isa = PBXFileReference; lastKnownFileType = text.plist.xml; path = Info.plist; sourceTree = "<group>"; };
/* End PBXFileReference section */

/* Begin PBXFrameworksBuildPhase section */
		AFF3488E1C592E9300044777 /* Frameworks */ = {
			isa = PBXFrameworksBuildPhase;
			buildActionMask = 2147483647;
			files = (
			);
			runOnlyForDeploymentPostprocessing = 0;
		};
		AFF348A41C592E9300044777 /* Frameworks */ = {
			isa = PBXFrameworksBuildPhase;
			buildActionMask = 2147483647;
			files = (
			);
			runOnlyForDeploymentPostprocessing = 0;
		};
		AFF348AF1C592E9300044777 /* Frameworks */ = {
			isa = PBXFrameworksBuildPhase;
			buildActionMask = 2147483647;
			files = (
			);
			runOnlyForDeploymentPostprocessing = 0;
		};
/* End PBXFrameworksBuildPhase section */

/* Begin PBXGroup section */
		AFF348881C592E9300044777 = {
			isa = PBXGroup;
			children = (
				AFF348931C592E9300044777 /* lecture87-location-services */,
				AFF348AA1C592E9300044777 /* lecture87-location-servicesTests */,
				AFF348B51C592E9300044777 /* lecture87-location-servicesUITests */,
				AFF348921C592E9300044777 /* Products */,
			);
			sourceTree = "<group>";
		};
		AFF348921C592E9300044777 /* Products */ = {
			isa = PBXGroup;
			children = (
				AFF348911C592E9300044777 /* lecture87-location-services.app */,
				AFF348A71C592E9300044777 /* lecture87-location-servicesTests.xctest */,
				AFF348B21C592E9300044777 /* lecture87-location-servicesUITests.xctest */,
			);
			name = Products;
			sourceTree = "<group>";
		};
		AFF348931C592E9300044777 /* lecture87-location-services */ = {
			isa = PBXGroup;
			children = (
				AFF348941C592E9300044777 /* AppDelegate.swift */,
				AFF348961C592E9300044777 /* FirstViewController.swift */,
				AFF348981C592E9300044777 /* LocationVC.swift */,
				AFF3489A1C592E9300044777 /* Main.storyboard */,
				AFF3489D1C592E9300044777 /* Assets.xcassets */,
				AFF3489F1C592E9300044777 /* LaunchScreen.storyboard */,
				AFF348A21C592E9300044777 /* Info.plist */,
			);
			path = "lecture87-location-services";
			sourceTree = "<group>";
		};
		AFF348AA1C592E9300044777 /* lecture87-location-servicesTests */ = {
			isa = PBXGroup;
			children = (
				AFF348AB1C592E9300044777 /* lecture87_location_servicesTests.swift */,
				AFF348AD1C592E9300044777 /* Info.plist */,
			);
			path = "lecture87-location-servicesTests";
			sourceTree = "<group>";
		};
		AFF348B51C592E9300044777 /* lecture87-location-servicesUITests */ = {
			isa = PBXGroup;
			children = (
				AFF348B61C592E9300044777 /* lecture87_location_servicesUITests.swift */,
				AFF348B81C592E9300044777 /* Info.plist */,
			);
			path = "lecture87-location-servicesUITests";
			sourceTree = "<group>";
		};
/* End PBXGroup section */

/* Begin PBXNativeTarget section */
		AFF348901C592E9300044777 /* lecture87-location-services */ = {
			isa = PBXNativeTarget;
			buildConfigurationList = AFF348BB1C592E9300044777 /* Build configuration list for PBXNativeTarget "lecture87-location-services" */;
			buildPhases = (
				AFF3488D1C592E9300044777 /* Sources */,
				AFF3488E1C592E9300044777 /* Frameworks */,
				AFF3488F1C592E9300044777 /* Resources */,
			);
			buildRules = (
			);
			dependencies = (
			);
			name = "lecture87-location-services";
			productName = "lecture87-location-services";
			productReference = AFF348911C592E9300044777 /* lecture87-location-services.app */;
			productType = "com.apple.product-type.application";
		};
		AFF348A61C592E9300044777 /* lecture87-location-servicesTests */ = {
			isa = PBXNativeTarget;
			buildConfigurationList = AFF348BE1C592E9300044777 /* Build configuration list for PBXNativeTarget "lecture87-location-servicesTests" */;
			buildPhases = (
				AFF348A31C592E9300044777 /* Sources */,
				AFF348A41C592E9300044777 /* Frameworks */,
				AFF348A51C592E9300044777 /* Resources */,
			);
			buildRules = (
			);
			dependencies = (
				AFF348A91C592E9300044777 /* PBXTargetDependency */,
			);
			name = "lecture87-location-servicesTests";
			productName = "lecture87-location-servicesTests";
			productReference = AFF348A71C592E9300044777 /* lecture87-location-servicesTests.xctest */;
			productType = "com.apple.product-type.bundle.unit-test";
		};
		AFF348B11C592E9300044777 /* lecture87-location-servicesUITests */ = {
			isa = PBXNativeTarget;
			buildConfigurationList = AFF348C11C592E9300044777 /* Build configuration list for PBXNativeTarget "lecture87-location-servicesUITests" */;
			buildPhases = (
				AFF348AE1C592E9300044777 /* Sources */,
				AFF348AF1C592E9300044777 /* Frameworks */,
				AFF348B01C592E9300044777 /* Resources */,
			);
			buildRules = (
			);
			dependencies = (
				AFF348B41C592E9300044777 /* PBXTargetDependency */,
			);
			name = "lecture87-location-servicesUITests";
			productName = "lecture87-location-servicesUITests";
			productReference = AFF348B21C592E9300044777 /* lecture87-location-servicesUITests.xctest */;
			productType = "com.apple.product-type.bundle.ui-testing";
		};
/* End PBXNativeTarget section */

/* Begin PBXProject section */
		AFF348891C592E9300044777 /* Project object */ = {
			isa = PBXProject;
			attributes = {
				LastSwiftUpdateCheck = 0720;
				LastUpgradeCheck = 0720;
				ORGANIZATIONNAME = "Ryan Huebert";
				TargetAttributes = {
					AFF348901C592E9300044777 = {
						CreatedOnToolsVersion = 7.2;
					};
					AFF348A61C592E9300044777 = {
						CreatedOnToolsVersion = 7.2;
						TestTargetID = AFF348901C592E9300044777;
					};
					AFF348B11C592E9300044777 = {
						CreatedOnToolsVersion = 7.2;
						TestTargetID = AFF348901C592E9300044777;
					};
				};
			};
			buildConfigurationList = AFF3488C1C592E9300044777 /* Build configuration list for PBXProject "lecture87-location-services" */;
			compatibilityVersion = "Xcode 3.2";
			developmentRegion = English;
			hasScannedForEncodings = 0;
			knownRegions = (
				en,
				Base,
			);
			mainGroup = AFF348881C592E9300044777;
			productRefGroup = AFF348921C592E9300044777 /* Products */;
			projectDirPath = "";
			projectRoot = "";
			targets = (
				AFF348901C592E9300044777 /* lecture87-location-services */,
				AFF348A61C592E9300044777 /* lecture87-location-servicesTests */,
				AFF348B11C592E9300044777 /* lecture87-location-servicesUITests */,
			);
		};
/* End PBXProject section */

/* Begin PBXResourcesBuildPhase section */
		AFF3488F1C592E9300044777 /* Resources */ = {
			isa = PBXResourcesBuildPhase;
			buildActionMask = 2147483647;
			files = (
				AFF348A11C592E9300044777 /* LaunchScreen.storyboard in Resources */,
				AFF3489E1C592E9300044777 /* Assets.xcassets in Resources */,
				AFF3489C1C592E9300044777 /* Main.storyboard in Resources */,
			);
			runOnlyForDeploymentPostprocessing = 0;
		};
		AFF348A51C592E9300044777 /* Resources */ = {
			isa = PBXResourcesBuildPhase;
			buildActionMask = 2147483647;
			files = (
			);
			runOnlyForDeploymentPostprocessing = 0;
		};
		AFF348B01C592E9300044777 /* Resources */ = {
			isa = PBXResourcesBuildPhase;
			buildActionMask = 2147483647;
			files = (
			);
			runOnlyForDeploymentPostprocessing = 0;
		};
/* End PBXResourcesBuildPhase section */

/* Begin PBXSourcesBuildPhase section */
		AFF3488D1C592E9300044777 /* Sources */ = {
			isa = PBXSourcesBuildPhase;
			buildActionMask = 2147483647;
			files = (
				AFF348991C592E9300044777 /* LocationVC.swift in Sources */,
				AFF348951C592E9300044777 /* AppDelegate.swift in Sources */,
				AFF348971C592E9300044777 /* FirstViewController.swift in Sources */,
			);
			runOnlyForDeploymentPostprocessing = 0;
		};
		AFF348A31C592E9300044777 /* Sources */ = {
			isa = PBXSourcesBuildPhase;
			buildActionMask = 2147483647;
			files = (
				AFF348AC1C592E9300044777 /* lecture87_location_servicesTests.swift in Sources */,
			);
			runOnlyForDeploymentPostprocessing = 0;
		};
		AFF348AE1C592E9300044777 /* Sources */ = {
			isa = PBXSourcesBuildPhase;
			buildActionMask = 2147483647;
			files = (
				AFF348B71C592E9300044777 /* lecture87_location_servicesUITests.swift in Sources */,
			);
			runOnlyForDeploymentPostprocessing = 0;
		};
/* End PBXSourcesBuildPhase section */

/* Begin PBXTargetDependency section */
		AFF348A91C592E9300044777 /* PBXTargetDependency */ = {
			isa = PBXTargetDependency;
			target = AFF348901C592E9300044777 /* lecture87-location-services */;
			targetProxy = AFF348A81C592E9300044777 /* PBXContainerItemProxy */;
		};
		AFF348B41C592E9300044777 /* PBXTargetDependency */ = {
			isa = PBXTargetDependency;
			target = AFF348901C592E9300044777 /* lecture87-location-services */;
			targetProxy = AFF348B31C592E9300044777 /* PBXContainerItemProxy */;
		};
/* End PBXTargetDependency section */

/* Begin PBXVariantGroup section */
		AFF3489A1C592E9300044777 /* Main.storyboard */ = {
			isa = PBXVariantGroup;
			children = (
				AFF3489B1C592E9300044777 /* Base */,
			);
			name = Main.storyboard;
			sourceTree = "<group>";
		};
		AFF3489F1C592E9300044777 /* LaunchScreen.storyboard */ = {
			isa = PBXVariantGroup;
			children = (
				AFF348A01C592E9300044777 /* Base */,
			);
			name = LaunchScreen.storyboard;
			sourceTree = "<group>";
		};
/* End PBXVariantGroup section */

/* Begin XCBuildConfiguration section */
		AFF348B91C592E9300044777 /* Debug */ = {
			isa = XCBuildConfiguration;
			buildSettings = {
				ALWAYS_SEARCH_USER_PATHS = NO;
				CLANG_CXX_LANGUAGE_STANDARD = "gnu++0x";
				CLANG_CXX_LIBRARY = "libc++";
				CLANG_ENABLE_MODULES = YES;
				CLANG_ENABLE_OBJC_ARC = YES;
				CLANG_WARN_BOOL_CONVERSION = YES;
				CLANG_WARN_CONSTANT_CONVERSION = YES;
				CLANG_WARN_DIRECT_OBJC_ISA_USAGE = YES_ERROR;
				CLANG_WARN_EMPTY_BODY = YES;
				CLANG_WARN_ENUM_CONVERSION = YES;
				CLANG_WARN_INT_CONVERSION = YES;
				CLANG_WARN_OBJC_ROOT_CLASS = YES_ERROR;
				CLANG_WARN_UNREACHABLE_CODE = YES;
				CLANG_WARN__DUPLICATE_METHOD_MATCH = YES;
				"CODE_SIGN_IDENTITY[sdk=iphoneos*]" = "iPhone Developer";
				COPY_PHASE_STRIP = NO;
				DEBUG_INFORMATION_FORMAT = dwarf;
				ENABLE_STRICT_OBJC_MSGSEND = YES;
				ENABLE_TESTABILITY = YES;
				GCC_C_LANGUAGE_STANDARD = gnu99;
				GCC_DYNAMIC_NO_PIC = NO;
				GCC_NO_COMMON_BLOCKS = YES;
				GCC_OPTIMIZATION_LEVEL = 0;
				GCC_PREPROCESSOR_DEFINITIONS = (
					"DEBUG=1",
					"$(inherited)",
				);
				GCC_WARN_64_TO_32_BIT_CONVERSION = YES;
				GCC_WARN_ABOUT_RETURN_TYPE = YES_ERROR;
				GCC_WARN_UNDECLARED_SELECTOR = YES;
				GCC_WARN_UNINITIALIZED_AUTOS = YES_AGGRESSIVE;
				GCC_WARN_UNUSED_FUNCTION = YES;
				GCC_WARN_UNUSED_VARIABLE = YES;
				IPHONEOS_DEPLOYMENT_TARGET = 9.2;
				MTL_ENABLE_DEBUG_INFO = YES;
				ONLY_ACTIVE_ARCH = YES;
				SDKROOT = iphoneos;
				SWIFT_OPTIMIZATION_LEVEL = "-Onone";
				TARGETED_DEVICE_FAMILY = "1,2";
			};
			name = Debug;
		};
		AFF348BA1C592E9300044777 /* Release */ = {
			isa = XCBuildConfiguration;
			buildSettings = {
				ALWAYS_SEARCH_USER_PATHS = NO;
				CLANG_CXX_LANGUAGE_STANDARD = "gnu++0x";
				CLANG_CXX_LIBRARY = "libc++";
				CLANG_ENABLE_MODULES = YES;
				CLANG_ENABLE_OBJC_ARC = YES;
				CLANG_WARN_BOOL_CONVERSION = YES;
				CLANG_WARN_CONSTANT_CONVERSION = YES;
				CLANG_WARN_DIRECT_OBJC_ISA_USAGE = YES_ERROR;
				CLANG_WARN_EMPTY_BODY = YES;
				CLANG_WARN_ENUM_CONVERSION = YES;
				CLANG_WARN_INT_CONVERSION = YES;
				CLANG_WARN_OBJC_ROOT_CLASS = YES_ERROR;
				CLANG_WARN_UNREACHABLE_CODE = YES;
				CLANG_WARN__DUPLICATE_METHOD_MATCH = YES;
				"CODE_SIGN_IDENTITY[sdk=iphoneos*]" = "iPhone Developer";
				COPY_PHASE_STRIP = NO;
				DEBUG_INFORMATION_FORMAT = "dwarf-with-dsym";
				ENABLE_NS_ASSERTIONS = NO;
				ENABLE_STRICT_OBJC_MSGSEND = YES;
				GCC_C_LANGUAGE_STANDARD = gnu99;
				GCC_NO_COMMON_BLOCKS = YES;
				GCC_WARN_64_TO_32_BIT_CONVERSION = YES;
				GCC_WARN_ABOUT_RETURN_TYPE = YES_ERROR;
				GCC_WARN_UNDECLARED_SELECTOR = YES;
				GCC_WARN_UNINITIALIZED_AUTOS = YES_AGGRESSIVE;
				GCC_WARN_UNUSED_FUNCTION = YES;
				GCC_WARN_UNUSED_VARIABLE = YES;
				IPHONEOS_DEPLOYMENT_TARGET = 9.2;
				MTL_ENABLE_DEBUG_INFO = NO;
				SDKROOT = iphoneos;
				TARGETED_DEVICE_FAMILY = "1,2";
				VALIDATE_PRODUCT = YES;
			};
			name = Release;
		};
		AFF348BC1C592E9300044777 /* Debug */ = {
			isa = XCBuildConfiguration;
			buildSettings = {
				ASSETCATALOG_COMPILER_APPICON_NAME = AppIcon;
				INFOPLIST_FILE = "lecture87-location-services/Info.plist";
				LD_RUNPATH_SEARCH_PATHS = "$(inherited) @executable_path/Frameworks";
				PRODUCT_BUNDLE_IDENTIFIER = "com.ryanhuebert.lecture87-location-services";
				PRODUCT_NAME = "$(TARGET_NAME)";
			};
			name = Debug;
		};
		AFF348BD1C592E9300044777 /* Release */ = {
			isa = XCBuildConfiguration;
			buildSettings = {
				ASSETCATALOG_COMPILER_APPICON_NAME = AppIcon;
				INFOPLIST_FILE = "lecture87-location-services/Info.plist";
				LD_RUNPATH_SEARCH_PATHS = "$(inherited) @executable_path/Frameworks";
				PRODUCT_BUNDLE_IDENTIFIER = "com.ryanhuebert.lecture87-location-services";
				PRODUCT_NAME = "$(TARGET_NAME)";
			};
			name = Release;
		};
		AFF348BF1C592E9300044777 /* Debug */ = {
			isa = XCBuildConfiguration;
			buildSettings = {
				BUNDLE_LOADER = "$(TEST_HOST)";
				INFOPLIST_FILE = "lecture87-location-servicesTests/Info.plist";
				LD_RUNPATH_SEARCH_PATHS = "$(inherited) @executable_path/Frameworks @loader_path/Frameworks";
				PRODUCT_BUNDLE_IDENTIFIER = "com.ryanhuebert.lecture87-location-servicesTests";
				PRODUCT_NAME = "$(TARGET_NAME)";
				TEST_HOST = "$(BUILT_PRODUCTS_DIR)/lecture87-location-services.app/lecture87-location-services";
			};
			name = Debug;
		};
		AFF348C01C592E9300044777 /* Release */ = {
			isa = XCBuildConfiguration;
			buildSettings = {
				BUNDLE_LOADER = "$(TEST_HOST)";
				INFOPLIST_FILE = "lecture87-location-servicesTests/Info.plist";
				LD_RUNPATH_SEARCH_PATHS = "$(inherited) @executable_path/Frameworks @loader_path/Frameworks";
				PRODUCT_BUNDLE_IDENTIFIER = "com.ryanhuebert.lecture87-location-servicesTests";
				PRODUCT_NAME = "$(TARGET_NAME)";
				TEST_HOST = "$(BUILT_PRODUCTS_DIR)/lecture87-location-services.app/lecture87-location-services";
			};
			name = Release;
		};
		AFF348C21C592E9300044777 /* Debug */ = {
			isa = XCBuildConfiguration;
			buildSettings = {
				INFOPLIST_FILE = "lecture87-location-servicesUITests/Info.plist";
				LD_RUNPATH_SEARCH_PATHS = "$(inherited) @executable_path/Frameworks @loader_path/Frameworks";
				PRODUCT_BUNDLE_IDENTIFIER = "com.ryanhuebert.lecture87-location-servicesUITests";
				PRODUCT_NAME = "$(TARGET_NAME)";
				TEST_TARGET_NAME = "lecture87-location-services";
				USES_XCTRUNNER = YES;
			};
			name = Debug;
		};
		AFF348C31C592E9300044777 /* Release */ = {
			isa = XCBuildConfiguration;
			buildSettings = {
				INFOPLIST_FILE = "lecture87-location-servicesUITests/Info.plist";
				LD_RUNPATH_SEARCH_PATHS = "$(inherited) @executable_path/Frameworks @loader_path/Frameworks";
				PRODUCT_BUNDLE_IDENTIFIER = "com.ryanhuebert.lecture87-location-servicesUITests";
				PRODUCT_NAME = "$(TARGET_NAME)";
				TEST_TARGET_NAME = "lecture87-location-services";
				USES_XCTRUNNER = YES;
			};
			name = Release;
		};
/* End XCBuildConfiguration section */

/* Begin XCConfigurationList section */
		AFF3488C1C592E9300044777 /* Build configuration list for PBXProject "lecture87-location-services" */ = {
			isa = XCConfigurationList;
			buildConfigurations = (
				AFF348B91C592E9300044777 /* Debug */,
				AFF348BA1C592E9300044777 /* Release */,
			);
			defaultConfigurationIsVisible = 0;
			defaultConfigurationName = Release;
		};
		AFF348BB1C592E9300044777 /* Build configuration list for PBXNativeTarget "lecture87-location-services" */ = {
			isa = XCConfigurationList;
			buildConfigurations = (
				AFF348BC1C592E9300044777 /* Debug */,
				AFF348BD1C592E9300044777 /* Release */,
			);
			defaultConfigurationIsVisible = 0;
		};
		AFF348BE1C592E9300044777 /* Build configuration list for PBXNativeTarget "lecture87-location-servicesTests" */ = {
			isa = XCConfigurationList;
			buildConfigurations = (
				AFF348BF1C592E9300044777 /* Debug */,
				AFF348C01C592E9300044777 /* Release */,
			);
			defaultConfigurationIsVisible = 0;
		};
		AFF348C11C592E9300044777 /* Build configuration list for PBXNativeTarget "lecture87-location-servicesUITests" */ = {
			isa = XCConfigurationList;
			buildConfigurations = (
				AFF348C21C592E9300044777 /* Debug */,
				AFF348C31C592E9300044777 /* Release */,
			);
			defaultConfigurationIsVisible = 0;
		};
/* End XCConfigurationList section */
	};
	rootObject = AFF348891C592E9300044777 /* Project object */;
}
